
Microsoft Visual Studio Solution File, Format Version 12.00
# Visual Studio Version 17
VisualStudioVersion = 17.11.35303.130
MinimumVisualStudioVersion = 10.0.40219.1
Project("{FAE04EC0-301F-11D3-BF4B-00C04F79EFBC}") = "AnimalYears", "AnimalYears\AnimalYears.csproj", "{10B9C22E-DF90-4D97-B14A-FFB9C9DD3F5A}"
EndProject
Project("{FAE04EC0-301F-11D3-BF4B-00C04F79EFBC}") = "AnimalYears.Domain", "AnimalYears.Domain\AnimalYears.Domain.csproj", "{717F7BD5-2ECF-45E3-8FE0-41C1B27604EE}"
EndProject
Project("{FAE04EC0-301F-11D3-BF4B-00C04F79EFBC}") = "AnimalYearsTests", "AnimalYearsTests\AnimalYearsTests.csproj", "{AAD714B5-7DD5-4547-9CEF-50744DFEF1DC}"
EndProject
Global
	GlobalSection(SolutionConfigurationPlatforms) = preSolution
		Debug|Any CPU = Debug|Any CPU
		Release|Any CPU = Release|Any CPU
	EndGlobalSection
	GlobalSection(ProjectConfigurationPlatforms) = postSolution
		{10B9C22E-DF90-4D97-B14A-FFB9C9DD3F5A}.Debug|Any CPU.ActiveCfg = Debug|Any CPU
		{10B9C22E-DF90-4D97-B14A-FFB9C9DD3F5A}.Debug|Any CPU.Build.0 = Debug|Any CPU
		{10B9C22E-DF90-4D97-B14A-FFB9C9DD3F5A}.Release|Any CPU.ActiveCfg = Release|Any CPU
		{10B9C22E-DF90-4D97-B14A-FFB9C9DD3F5A}.Release|Any CPU.Build.0 = Release|Any CPU
		{717F7BD5-2ECF-45E3-8FE0-41C1B27604EE}.Debug|Any CPU.ActiveCfg = Debug|Any CPU
		{717F7BD5-2ECF-45E3-8FE0-41C1B27604EE}.Debug|Any CPU.Build.0 = Debug|Any CPU
		{717F7BD5-2ECF-45E3-8FE0-41C1B27604EE}.Release|Any CPU.ActiveCfg = Release|Any CPU
		{717F7BD5-2ECF-45E3-8FE0-41C1B27604EE}.Release|Any CPU.Build.0 = Release|Any CPU
		{AAD714B5-7DD5-4547-9CEF-50744DFEF1DC}.Debug|Any CPU.ActiveCfg = Debug|Any CPU
		{AAD714B5-7DD5-4547-9CEF-50744DFEF1DC}.Debug|Any CPU.Build.0 = Debug|Any CPU
		{AAD714B5-7DD5-4547-9CEF-50744DFEF1DC}.Release|Any CPU.ActiveCfg = Release|Any CPU
		{AAD714B5-7DD5-4547-9CEF-50744DFEF1DC}.Release|Any CPU.Build.0 = Release|Any CPU
	EndGlobalSection
	GlobalSection(SolutionProperties) = preSolution
		HideSolutionNode = FALSE
	EndGlobalSection
	GlobalSection(ExtensibilityGlobals) = postSolution
		SolutionGuid = {64618491-2930-4BB5-9D10-5567A6B33DB1}
	EndGlobalSection
EndGlobal
